
Microsoft Visual Studio Solution File, Format Version 12.00
# Visual Studio Version 16
VisualStudioVersion = 16.0.31105.61
MinimumVisualStudioVersion = 10.0.40219.1
Project("{9A19103F-16F7-4668-BE54-9A1E7A4F7556}") = "SportsApp", "SportsApp\SportsApp.csproj", "{64736DEB-4767-4F01-AAD7-CF9590CA9882}"
EndProject
Global
	GlobalSection(SolutionConfigurationPlatforms) = preSolution
		Debug|Any CPU = Debug|Any CPU
		Release|Any CPU = Release|Any CPU
	EndGlobalSection
	GlobalSection(ProjectConfigurationPlatforms) = postSolution
		{64736DEB-4767-4F01-AAD7-CF9590CA9882}.Debug|Any CPU.ActiveCfg = Debug|Any CPU
		{64736DEB-4767-4F01-AAD7-CF9590CA9882}.Debug|Any CPU.Build.0 = Debug|Any CPU
		{64736DEB-4767-4F01-AAD7-CF9590CA9882}.Release|Any CPU.ActiveCfg = Release|Any CPU
		{64736DEB-4767-4F01-AAD7-CF9590CA9882}.Release|Any CPU.Build.0 = Release|Any CPU
	EndGlobalSection
	GlobalSection(SolutionProperties) = preSolution
		HideSolutionNode = FALSE
	EndGlobalSection
	GlobalSection(ExtensibilityGlobals) = postSolution
		SolutionGuid = {0FD6EC2E-B2E2-433D-B746-0EAB6C2AEF23}
	EndGlobalSection
EndGlobal
